
Microsoft Visual Studio Solution File, Format Version 12.00
# Visual Studio Version 17
VisualStudioVersion = 17.0.31903.59
MinimumVisualStudioVersion = 10.0.40219.1
Project("{FAE04EC0-301F-11D3-BF4B-00C04F79EFBC}") = "API", "API\API.csproj", "{1BF2254A-E734-4AFE-B796-15F6BC03FF60}"
EndProject
Project("{FAE04EC0-301F-11D3-BF4B-00C04F79EFBC}") = "Application", "Application\Application.csproj", "{5EC67128-95A6-4523-9854-620ABA730081}"
EndProject
Project("{FAE04EC0-301F-11D3-BF4B-00C04F79EFBC}") = "Persistence", "Persistence\Persistence.csproj", "{2B4B44E0-89EB-46D0-B94A-8CFD1CF46E90}"
EndProject
Project("{FAE04EC0-301F-11D3-BF4B-00C04F79EFBC}") = "Domain", "Domain\Domain.csproj", "{108364BA-1012-4C6F-B2D9-1A7042AA0915}"
EndProject
Global
	GlobalSection(SolutionConfigurationPlatforms) = preSolution
		Debug|Any CPU = Debug|Any CPU
		Release|Any CPU = Release|Any CPU
	EndGlobalSection
	GlobalSection(SolutionProperties) = preSolution
		HideSolutionNode = FALSE
	EndGlobalSection
	GlobalSection(ProjectConfigurationPlatforms) = postSolution
		{1BF2254A-E734-4AFE-B796-15F6BC03FF60}.Debug|Any CPU.ActiveCfg = Debug|Any CPU
		{1BF2254A-E734-4AFE-B796-15F6BC03FF60}.Debug|Any CPU.Build.0 = Debug|Any CPU
		{1BF2254A-E734-4AFE-B796-15F6BC03FF60}.Release|Any CPU.ActiveCfg = Release|Any CPU
		{1BF2254A-E734-4AFE-B796-15F6BC03FF60}.Release|Any CPU.Build.0 = Release|Any CPU
		{5EC67128-95A6-4523-9854-620ABA730081}.Debug|Any CPU.ActiveCfg = Debug|Any CPU
		{5EC67128-95A6-4523-9854-620ABA730081}.Debug|Any CPU.Build.0 = Debug|Any CPU
		{5EC67128-95A6-4523-9854-620ABA730081}.Release|Any CPU.ActiveCfg = Release|Any CPU
		{5EC67128-95A6-4523-9854-620ABA730081}.Release|Any CPU.Build.0 = Release|Any CPU
		{2B4B44E0-89EB-46D0-B94A-8CFD1CF46E90}.Debug|Any CPU.ActiveCfg = Debug|Any CPU
		{2B4B44E0-89EB-46D0-B94A-8CFD1CF46E90}.Debug|Any CPU.Build.0 = Debug|Any CPU
		{2B4B44E0-89EB-46D0-B94A-8CFD1CF46E90}.Release|Any CPU.ActiveCfg = Release|Any CPU
		{2B4B44E0-89EB-46D0-B94A-8CFD1CF46E90}.Release|Any CPU.Build.0 = Release|Any CPU
		{108364BA-1012-4C6F-B2D9-1A7042AA0915}.Debug|Any CPU.ActiveCfg = Debug|Any CPU
		{108364BA-1012-4C6F-B2D9-1A7042AA0915}.Debug|Any CPU.Build.0 = Debug|Any CPU
		{108364BA-1012-4C6F-B2D9-1A7042AA0915}.Release|Any CPU.ActiveCfg = Release|Any CPU
		{108364BA-1012-4C6F-B2D9-1A7042AA0915}.Release|Any CPU.Build.0 = Release|Any CPU
	EndGlobalSection
EndGlobal
